{
  "meteor": {},
  "dependencies": {
    "basePackages": {
      "iron-router": {},
      "spin": {},
      "x-editable-bootstrap": {},
      "accounts-ui-bootstrap-3": {},
      "iron-router-progress": {},
      "popcorn": {},
      "errors": {},
      "profile": {},
      "accounts-entry": {}
    },
    "packages": {
      "iron-router": {
        "git": "https://github.com/EventedMind/iron-router.git",
        "tag": "v0.8.2",
        "commit": "05415a8891ea87a00fb1e2388585f2ca5a38e0da"
      },
      "spin": {
        "git": "https://github.com/SachaG/meteor-spin.git",
        "tag": "v2.0.4",
        "commit": "f7b1e12a7caff1283cdb3671a393c182d0ae9862"
      },
      "x-editable-bootstrap": {
        "git": "https://github.com/nate-strauser/meteor-x-editable-bootstrap.git",
        "tag": "v1.5.1",
        "commit": "ddb9e4523b570f88d96c4fbafa5f6883e544baf8"
      },
      "accounts-ui-bootstrap-3": {
        "git": "https://github.com/mangasocial/meteor-accounts-ui-bootstrap-3.git",
        "tag": "v0.3.4",
        "commit": "9f006ee48d869877d90d54ac75b54550a587df8f"
      },
      "iron-router-progress": {
        "git": "https://github.com/Multiply/iron-router-progress.git",
        "tag": "v0.4.1",
        "commit": "496fcda9a6ec352b4733725f60c6f280250c3541"
      },
      "popcorn": {
        "git": "https://github.com/santihbc/meteor-popcorn-js.git",
        "tag": "v0.1.0",
        "commit": "20c5e438f0d1634f7c2ca3b0f78ac0bf63cb2e7c"
      },
      "errors": {
        "git": "https://github.com/tmeasday/meteor-errors.git",
        "tag": "v0.2.1",
        "commit": "f2af03510a9e3d9952601f5f091aa76bfbcbf224"
      },
      "profile": {
        "git": "https://github.com/Differential/meteor-profile.git",
        "tag": "v0.0.10",
        "commit": "2540cdc76cf5c5fdf6ee0fd0cff1e37c4b1ba519"
      },
      "accounts-entry": {
        "git": "https://github.com/Differential/accounts-entry.git",
        "tag": "v0.8.0",
        "commit": "cf7f7d0ecc285824bc2748e305f5d693df99b4ae"
      },
      "iron-layout": {
        "git": "https://github.com/EventedMind/iron-layout.git",
        "tag": "v0.2.0",
        "commit": "4a2d53e35ba036b0c189c7ceca34be494d4c6c97"
      },
      "bootstrap-3": {
        "git": "https://github.com/mangasocial/meteor-bootstrap-3.git",
        "tag": "v3.2.0-1",
        "commit": "17a63902fc6cf1096c5289d963c66cf28b474727"
      },
      "accounts-t9n": {
        "git": "https://github.com/softwarerero/meteor-accounts-t9n.git",
        "tag": "v0.0.5",
        "commit": "ad9539a8818049d5d9fa050d8b2a1f62706483b1"
      },
      "simple-form": {
        "git": "https://github.com/Differential/simple-form.git",
        "tag": "v0.1.8",
        "commit": "1ea0d3621b333e6f24f37e0e93efd3c081068716"
      },
      "blaze-layout": {
        "git": "https://github.com/EventedMind/blaze-layout.git",
        "tag": "v0.2.5",
        "commit": "273e3ab7d005d91a1a59c71bd224533b4dae2fbd"
      },
      "iron-core": {
        "git": "https://github.com/EventedMind/iron-core.git",
        "tag": "v0.2.0",
        "commit": "0e48b5dc50d03f01025b7b900fb5ce2f13d52cad"
      },
      "iron-dynamic-template": {
        "git": "https://github.com/EventedMind/iron-dynamic-template.git",
        "tag": "v0.2.1",
        "commit": "4dd1185c4d9d616c9abdb3f33e4a7d5a88db7e18"
      },
      "underscore-string-latest": {
        "git": "https://github.com/TimHeckel/meteor-underscore-string.git",
        "tag": "v2.3.3",
        "commit": "4a5d70eee48fbd90a6e6fc78747250d704a0b3bb"
      }
    }
  }
}
